
Microsoft Visual Studio Solution File, Format Version 12.00
# Visual Studio Version 17
VisualStudioVersion = 17.13.35825.156 d17.13
MinimumVisualStudioVersion = 10.0.40219.1
Project("{FAE04EC0-301F-11D3-BF4B-00C04F79EFBC}") = "Majestic", "Majestic\Majestic.csproj", "{B3392FC9-4516-44B0-B8C4-4180DD83FACB}"
EndProject
Global
	GlobalSection(SolutionConfigurationPlatforms) = preSolution
		Debug|Any CPU = Debug|Any CPU
		Release|Any CPU = Release|Any CPU
	EndGlobalSection
	GlobalSection(ProjectConfigurationPlatforms) = postSolution
		{B3392FC9-4516-44B0-B8C4-4180DD83FACB}.Debug|Any CPU.ActiveCfg = Debug|Any CPU
		{B3392FC9-4516-44B0-B8C4-4180DD83FACB}.Debug|Any CPU.Build.0 = Debug|Any CPU
		{B3392FC9-4516-44B0-B8C4-4180DD83FACB}.Release|Any CPU.ActiveCfg = Release|Any CPU
		{B3392FC9-4516-44B0-B8C4-4180DD83FACB}.Release|Any CPU.Build.0 = Release|Any CPU
	EndGlobalSection
	GlobalSection(SolutionProperties) = preSolution
		HideSolutionNode = FALSE
	EndGlobalSection
	GlobalSection(ExtensibilityGlobals) = postSolution
		SolutionGuid = {9A2BED37-5DF1-4214-A106-32894468C56D}
	EndGlobalSection
EndGlobal
